// !$*UTF8*$!
{
	archiveVersion = 1;
	classes = {
	};
	objectVersion = 51;
	objects = {

/* Begin PBXBuildFile section */
		0E6182B826255F8200359CAB /* AppDelegate.swift in Sources */ = {isa = PBXBuildFile; fileRef = 0E6182B726255F8200359CAB /* AppDelegate.swift */; };
		0E6182BA26255F8200359CAB /* SceneDelegate.swift in Sources */ = {isa = PBXBuildFile; fileRef = 0E6182B926255F8200359CAB /* SceneDelegate.swift */; };
		0E6182BF26255F8200359CAB /* Main.storyboard in Resources */ = {isa = PBXBuildFile; fileRef = 0E6182BD26255F8200359CAB /* Main.storyboard */; };
		0E6182C126255F8400359CAB /* Assets.xcassets in Resources */ = {isa = PBXBuildFile; fileRef = 0E6182C026255F8400359CAB /* Assets.xcassets */; };
		0E6182C426255F8400359CAB /* LaunchScreen.storyboard in Resources */ = {isa = PBXBuildFile; fileRef = 0E6182C226255F8400359CAB /* LaunchScreen.storyboard */; };
		0E6182CF26255FB700359CAB /* HomeViewController.swift in Sources */ = {isa = PBXBuildFile; fileRef = 0E6182CE26255FB700359CAB /* HomeViewController.swift */; };
		0E66F06226256999006F4C87 /* CircleChart.swift in Sources */ = {isa = PBXBuildFile; fileRef = 0E66F06126256999006F4C87 /* CircleChart.swift */; };
		0E66F06926258346006F4C87 /* ProgressBar.swift in Sources */ = {isa = PBXBuildFile; fileRef = 0E66F06826258346006F4C87 /* ProgressBar.swift */; };
		0E87982526400FB300BFD094 /* LocationViewController.swift in Sources */ = {isa = PBXBuildFile; fileRef = 0E87982426400FB300BFD094 /* LocationViewController.swift */; };
		0EE7B4242637C9080051BD36 /* OverallHistoryViewController.swift in Sources */ = {isa = PBXBuildFile; fileRef = 0EE7B4232637C9080051BD36 /* OverallHistoryViewController.swift */; };
		0EE7B4282637C9310051BD36 /* ExerciseHistoryViewController.swift in Sources */ = {isa = PBXBuildFile; fileRef = 0EE7B4272637C9310051BD36 /* ExerciseHistoryViewController.swift */; };
		0EF4B5F12637FB7700B53CF0 /* RoundedUIView.swift in Sources */ = {isa = PBXBuildFile; fileRef = 0EF4B5F02637FB7700B53CF0 /* RoundedUIView.swift */; };
		C59B464AA10FC8200103791C /* Pods_TextNeck.framework in Frameworks */ = {isa = PBXBuildFile; fileRef = 37ED7183CCC858319D07CE5F /* Pods_TextNeck.framework */; };
/* End PBXBuildFile section */

/* Begin PBXFileReference section */
		0E6182B426255F8200359CAB /* TextNeck.app */ = {isa = PBXFileReference; explicitFileType = wrapper.application; includeInIndex = 0; path = TextNeck.app; sourceTree = BUILT_PRODUCTS_DIR; };
		0E6182B726255F8200359CAB /* AppDelegate.swift */ = {isa = PBXFileReference; lastKnownFileType = sourcecode.swift; path = AppDelegate.swift; sourceTree = "<group>"; };
		0E6182B926255F8200359CAB /* SceneDelegate.swift */ = {isa = PBXFileReference; lastKnownFileType = sourcecode.swift; path = SceneDelegate.swift; sourceTree = "<group>"; };
		0E6182BE26255F8200359CAB /* Base */ = {isa = PBXFileReference; lastKnownFileType = file.storyboard; name = Base; path = Base.lproj/Main.storyboard; sourceTree = "<group>"; };
		0E6182C026255F8400359CAB /* Assets.xcassets */ = {isa = PBXFileReference; lastKnownFileType = folder.assetcatalog; path = Assets.xcassets; sourceTree = "<group>"; };
		0E6182C326255F8400359CAB /* Base */ = {isa = PBXFileReference; lastKnownFileType = file.storyboard; name = Base; path = Base.lproj/LaunchScreen.storyboard; sourceTree = "<group>"; };
		0E6182C526255F8400359CAB /* Info.plist */ = {isa = PBXFileReference; lastKnownFileType = text.plist.xml; path = Info.plist; sourceTree = "<group>"; };
		0E6182CE26255FB700359CAB /* HomeViewController.swift */ = {isa = PBXFileReference; lastKnownFileType = sourcecode.swift; path = HomeViewController.swift; sourceTree = "<group>"; };
		0E66F06126256999006F4C87 /* CircleChart.swift */ = {isa = PBXFileReference; lastKnownFileType = sourcecode.swift; path = CircleChart.swift; sourceTree = "<group>"; };
		0E66F06826258346006F4C87 /* ProgressBar.swift */ = {isa = PBXFileReference; lastKnownFileType = sourcecode.swift; path = ProgressBar.swift; sourceTree = "<group>"; };
		0E87982426400FB300BFD094 /* LocationViewController.swift */ = {isa = PBXFileReference; lastKnownFileType = sourcecode.swift; path = LocationViewController.swift; sourceTree = "<group>"; };
		0EE7B4232637C9080051BD36 /* OverallHistoryViewController.swift */ = {isa = PBXFileReference; lastKnownFileType = sourcecode.swift; path = OverallHistoryViewController.swift; sourceTree = "<group>"; };
		0EE7B4272637C9310051BD36 /* ExerciseHistoryViewController.swift */ = {isa = PBXFileReference; lastKnownFileType = sourcecode.swift; path = ExerciseHistoryViewController.swift; sourceTree = "<group>"; };
		0EF4B5F02637FB7700B53CF0 /* RoundedUIView.swift */ = {isa = PBXFileReference; lastKnownFileType = sourcecode.swift; path = RoundedUIView.swift; sourceTree = "<group>"; };
		37ED7183CCC858319D07CE5F /* Pods_TextNeck.framework */ = {isa = PBXFileReference; explicitFileType = wrapper.framework; includeInIndex = 0; path = Pods_TextNeck.framework; sourceTree = BUILT_PRODUCTS_DIR; };
		E671C995B509125A5517548B /* Pods-TextNeck.release.xcconfig */ = {isa = PBXFileReference; includeInIndex = 1; lastKnownFileType = text.xcconfig; name = "Pods-TextNeck.release.xcconfig"; path = "Target Support Files/Pods-TextNeck/Pods-TextNeck.release.xcconfig"; sourceTree = "<group>"; };
		F65F7AE5A592D98F00ECC51F /* Pods-TextNeck.debug.xcconfig */ = {isa = PBXFileReference; includeInIndex = 1; lastKnownFileType = text.xcconfig; name = "Pods-TextNeck.debug.xcconfig"; path = "Target Support Files/Pods-TextNeck/Pods-TextNeck.debug.xcconfig"; sourceTree = "<group>"; };
/* End PBXFileReference section */

/* Begin PBXFrameworksBuildPhase section */
		0E6182B126255F8200359CAB /* Frameworks */ = {
			isa = PBXFrameworksBuildPhase;
			buildActionMask = 2147483647;
			files = (
				C59B464AA10FC8200103791C /* Pods_TextNeck.framework in Frameworks */,
			);
			runOnlyForDeploymentPostprocessing = 0;
		};
/* End PBXFrameworksBuildPhase section */

/* Begin PBXGroup section */
		0D1CC657A13783BB47A1056B /* Pods */ = {
			isa = PBXGroup;
			children = (
				F65F7AE5A592D98F00ECC51F /* Pods-TextNeck.debug.xcconfig */,
				E671C995B509125A5517548B /* Pods-TextNeck.release.xcconfig */,
			);
			path = Pods;
			sourceTree = "<group>";
		};
		0E6182AB26255F8200359CAB = {
			isa = PBXGroup;
			children = (
				0E6182B626255F8200359CAB /* TextNeck */,
				0E6182B526255F8200359CAB /* Products */,
				0D1CC657A13783BB47A1056B /* Pods */,
				354527AFFACD8A79E150860E /* Frameworks */,
			);
			sourceTree = "<group>";
		};
		0E6182B526255F8200359CAB /* Products */ = {
			isa = PBXGroup;
			children = (
				0E6182B426255F8200359CAB /* TextNeck.app */,
			);
			name = Products;
			sourceTree = "<group>";
		};
		0E6182B626255F8200359CAB /* TextNeck */ = {
			isa = PBXGroup;
			children = (
				0EE7B41F2637C89B0051BD36 /* Model */,
				0EE7B4212637C8A20051BD36 /* View */,
				0EE7B41D2637C8890051BD36 /* Controller */,
				0E6182B726255F8200359CAB /* AppDelegate.swift */,
				0E6182B926255F8200359CAB /* SceneDelegate.swift */,
				0E6182BD26255F8200359CAB /* Main.storyboard */,
				0E6182C026255F8400359CAB /* Assets.xcassets */,
				0E6182C226255F8400359CAB /* LaunchScreen.storyboard */,
				0E6182C526255F8400359CAB /* Info.plist */,
			);
			path = TextNeck;
			sourceTree = "<group>";
		};
		0EE7B41D2637C8890051BD36 /* Controller */ = {
			isa = PBXGroup;
			children = (
				0E6182CE26255FB700359CAB /* HomeViewController.swift */,
				0EE7B4232637C9080051BD36 /* OverallHistoryViewController.swift */,
				0EE7B4272637C9310051BD36 /* ExerciseHistoryViewController.swift */,
				0E87982426400FB300BFD094 /* LocationViewController.swift */,
			);
			path = Controller;
			sourceTree = "<group>";
		};
		0EE7B41F2637C89B0051BD36 /* Model */ = {
			isa = PBXGroup;
			children = (
			);
			path = Model;
			sourceTree = "<group>";
		};
		0EE7B4212637C8A20051BD36 /* View */ = {
			isa = PBXGroup;
			children = (
				0E66F06126256999006F4C87 /* CircleChart.swift */,
				0E66F06826258346006F4C87 /* ProgressBar.swift */,
				0EF4B5F02637FB7700B53CF0 /* RoundedUIView.swift */,
			);
			path = View;
			sourceTree = "<group>";
		};
		354527AFFACD8A79E150860E /* Frameworks */ = {
			isa = PBXGroup;
			children = (
				37ED7183CCC858319D07CE5F /* Pods_TextNeck.framework */,
			);
			name = Frameworks;
			sourceTree = "<group>";
		};
/* End PBXGroup section */

/* Begin PBXNativeTarget section */
		0E6182B326255F8200359CAB /* TextNeck */ = {
			isa = PBXNativeTarget;
			buildConfigurationList = 0E6182C826255F8400359CAB /* Build configuration list for PBXNativeTarget "TextNeck" */;
			buildPhases = (
				AA89A3C7AA5D787A4EE8E1A7 /* [CP] Check Pods Manifest.lock */,
				0E6182B026255F8200359CAB /* Sources */,
				0E6182B126255F8200359CAB /* Frameworks */,
				0E6182B226255F8200359CAB /* Resources */,
				B24666D494327D3C951D09F3 /* [CP] Embed Pods Frameworks */,
			);
			buildRules = (
			);
			dependencies = (
			);
			name = TextNeck;
			productName = TextNeck;
			productReference = 0E6182B426255F8200359CAB /* TextNeck.app */;
			productType = "com.apple.product-type.application";
		};
/* End PBXNativeTarget section */

/* Begin PBXProject section */
		0E6182AC26255F8200359CAB /* Project object */ = {
			isa = PBXProject;
			attributes = {
				LastSwiftUpdateCheck = 1240;
				LastUpgradeCheck = 1240;
				TargetAttributes = {
					0E6182B326255F8200359CAB = {
						CreatedOnToolsVersion = 12.4;
					};
				};
			};
			buildConfigurationList = 0E6182AF26255F8200359CAB /* Build configuration list for PBXProject "TextNeck" */;
			compatibilityVersion = "Xcode 9.3";
			developmentRegion = en;
			hasScannedForEncodings = 0;
			knownRegions = (
				en,
				Base,
			);
			mainGroup = 0E6182AB26255F8200359CAB;
			productRefGroup = 0E6182B526255F8200359CAB /* Products */;
			projectDirPath = "";
			projectRoot = "";
			targets = (
				0E6182B326255F8200359CAB /* TextNeck */,
			);
		};
/* End PBXProject section */

/* Begin PBXResourcesBuildPhase section */
		0E6182B226255F8200359CAB /* Resources */ = {
			isa = PBXResourcesBuildPhase;
			buildActionMask = 2147483647;
			files = (
				0E6182C426255F8400359CAB /* LaunchScreen.storyboard in Resources */,
				0E6182C126255F8400359CAB /* Assets.xcassets in Resources */,
				0E6182BF26255F8200359CAB /* Main.storyboard in Resources */,
			);
			runOnlyForDeploymentPostprocessing = 0;
		};
/* End PBXResourcesBuildPhase section */

/* Begin PBXShellScriptBuildPhase section */
		AA89A3C7AA5D787A4EE8E1A7 /* [CP] Check Pods Manifest.lock */ = {
			isa = PBXShellScriptBuildPhase;
			buildActionMask = 2147483647;
			files = (
			);
			inputFileListPaths = (
			);
			inputPaths = (
				"${PODS_PODFILE_DIR_PATH}/Podfile.lock",
				"${PODS_ROOT}/Manifest.lock",
			);
			name = "[CP] Check Pods Manifest.lock";
			outputFileListPaths = (
			);
			outputPaths = (
				"$(DERIVED_FILE_DIR)/Pods-TextNeck-checkManifestLockResult.txt",
			);
			runOnlyForDeploymentPostprocessing = 0;
			shellPath = /bin/sh;
			shellScript = "diff \"${PODS_PODFILE_DIR_PATH}/Podfile.lock\" \"${PODS_ROOT}/Manifest.lock\" > /dev/null\nif [ $? != 0 ] ; then\n    # print error to STDERR\n    echo \"error: The sandbox is not in sync with the Podfile.lock. Run 'pod install' or update your CocoaPods installation.\" >&2\n    exit 1\nfi\n# This output is used by Xcode 'outputs' to avoid re-running this script phase.\necho \"SUCCESS\" > \"${SCRIPT_OUTPUT_FILE_0}\"\n";
			showEnvVarsInLog = 0;
		};
		B24666D494327D3C951D09F3 /* [CP] Embed Pods Frameworks */ = {
			isa = PBXShellScriptBuildPhase;
			buildActionMask = 2147483647;
			files = (
			);
			inputFileListPaths = (
				"${PODS_ROOT}/Target Support Files/Pods-TextNeck/Pods-TextNeck-frameworks-${CONFIGURATION}-input-files.xcfilelist",
			);
			name = "[CP] Embed Pods Frameworks";
			outputFileListPaths = (
				"${PODS_ROOT}/Target Support Files/Pods-TextNeck/Pods-TextNeck-frameworks-${CONFIGURATION}-output-files.xcfilelist",
			);
			runOnlyForDeploymentPostprocessing = 0;
			shellPath = /bin/sh;
			shellScript = "\"${PODS_ROOT}/Target Support Files/Pods-TextNeck/Pods-TextNeck-frameworks.sh\"\n";
			showEnvVarsInLog = 0;
		};
/* End PBXShellScriptBuildPhase section */

/* Begin PBXSourcesBuildPhase section */
		0E6182B026255F8200359CAB /* Sources */ = {
			isa = PBXSourcesBuildPhase;
			buildActionMask = 2147483647;
			files = (
				0EF4B5F12637FB7700B53CF0 /* RoundedUIView.swift in Sources */,
				0E66F06226256999006F4C87 /* CircleChart.swift in Sources */,
				0EE7B4242637C9080051BD36 /* OverallHistoryViewController.swift in Sources */,
				0E6182B826255F8200359CAB /* AppDelegate.swift in Sources */,
				0EE7B4282637C9310051BD36 /* ExerciseHistoryViewController.swift in Sources */,
				0E6182BA26255F8200359CAB /* SceneDelegate.swift in Sources */,
				0E87982526400FB300BFD094 /* LocationViewController.swift in Sources */,
				0E66F06926258346006F4C87 /* ProgressBar.swift in Sources */,
				0E6182CF26255FB700359CAB /* HomeViewController.swift in Sources */,
			);
			runOnlyForDeploymentPostprocessing = 0;
		};
/* End PBXSourcesBuildPhase section */

/* Begin PBXVariantGroup section */
		0E6182BD26255F8200359CAB /* Main.storyboard */ = {
			isa = PBXVariantGroup;
			children = (
				0E6182BE26255F8200359CAB /* Base */,
			);
			name = Main.storyboard;
			sourceTree = "<group>";
		};
		0E6182C226255F8400359CAB /* LaunchScreen.storyboard */ = {
			isa = PBXVariantGroup;
			children = (
				0E6182C326255F8400359CAB /* Base */,
			);
			name = LaunchScreen.storyboard;
			sourceTree = "<group>";
		};
/* End PBXVariantGroup section */

/* Begin XCBuildConfiguration section */
		0E6182C626255F8400359CAB /* Debug */ = {
			isa = XCBuildConfiguration;
			buildSettings = {
				ALWAYS_SEARCH_USER_PATHS = NO;
				CLANG_ANALYZER_NONNULL = YES;
				CLANG_ANALYZER_NUMBER_OBJECT_CONVERSION = YES_AGGRESSIVE;
				CLANG_CXX_LANGUAGE_STANDARD = "gnu++14";
				CLANG_CXX_LIBRARY = "libc++";
				CLANG_ENABLE_MODULES = YES;
				CLANG_ENABLE_OBJC_ARC = YES;
				CLANG_ENABLE_OBJC_WEAK = YES;
				CLANG_WARN_BLOCK_CAPTURE_AUTORELEASING = YES;
				CLANG_WARN_BOOL_CONVERSION = YES;
				CLANG_WARN_COMMA = YES;
				CLANG_WARN_CONSTANT_CONVERSION = YES;
				CLANG_WARN_DEPRECATED_OBJC_IMPLEMENTATIONS = YES;
				CLANG_WARN_DIRECT_OBJC_ISA_USAGE = YES_ERROR;
				CLANG_WARN_DOCUMENTATION_COMMENTS = YES;
				CLANG_WARN_EMPTY_BODY = YES;
				CLANG_WARN_ENUM_CONVERSION = YES;
				CLANG_WARN_INFINITE_RECURSION = YES;
				CLANG_WARN_INT_CONVERSION = YES;
				CLANG_WARN_NON_LITERAL_NULL_CONVERSION = YES;
				CLANG_WARN_OBJC_IMPLICIT_RETAIN_SELF = YES;
				CLANG_WARN_OBJC_LITERAL_CONVERSION = YES;
				CLANG_WARN_OBJC_ROOT_CLASS = YES_ERROR;
				CLANG_WARN_QUOTED_INCLUDE_IN_FRAMEWORK_HEADER = YES;
				CLANG_WARN_RANGE_LOOP_ANALYSIS = YES;
				CLANG_WARN_STRICT_PROTOTYPES = YES;
				CLANG_WARN_SUSPICIOUS_MOVE = YES;
				CLANG_WARN_UNGUARDED_AVAILABILITY = YES_AGGRESSIVE;
				CLANG_WARN_UNREACHABLE_CODE = YES;
				CLANG_WARN__DUPLICATE_METHOD_MATCH = YES;
				COPY_PHASE_STRIP = NO;
				DEBUG_INFORMATION_FORMAT = dwarf;
				ENABLE_STRICT_OBJC_MSGSEND = YES;
				ENABLE_TESTABILITY = YES;
				GCC_C_LANGUAGE_STANDARD = gnu11;
				GCC_DYNAMIC_NO_PIC = NO;
				GCC_NO_COMMON_BLOCKS = YES;
				GCC_OPTIMIZATION_LEVEL = 0;
				GCC_PREPROCESSOR_DEFINITIONS = (
					"DEBUG=1",
					"$(inherited)",
				);
				GCC_WARN_64_TO_32_BIT_CONVERSION = YES;
				GCC_WARN_ABOUT_RETURN_TYPE = YES_ERROR;
				GCC_WARN_UNDECLARED_SELECTOR = YES;
				GCC_WARN_UNINITIALIZED_AUTOS = YES_AGGRESSIVE;
				GCC_WARN_UNUSED_FUNCTION = YES;
				GCC_WARN_UNUSED_VARIABLE = YES;
				IPHONEOS_DEPLOYMENT_TARGET = 14.4;
				MTL_ENABLE_DEBUG_INFO = INCLUDE_SOURCE;
				MTL_FAST_MATH = YES;
				ONLY_ACTIVE_ARCH = YES;
				SDKROOT = iphoneos;
				SWIFT_ACTIVE_COMPILATION_CONDITIONS = DEBUG;
				SWIFT_OPTIMIZATION_LEVEL = "-Onone";
			};
			name = Debug;
		};
		0E6182C726255F8400359CAB /* Release */ = {
			isa = XCBuildConfiguration;
			buildSettings = {
				ALWAYS_SEARCH_USER_PATHS = NO;
				CLANG_ANALYZER_NONNULL = YES;
				CLANG_ANALYZER_NUMBER_OBJECT_CONVERSION = YES_AGGRESSIVE;
				CLANG_CXX_LANGUAGE_STANDARD = "gnu++14";
				CLANG_CXX_LIBRARY = "libc++";
				CLANG_ENABLE_MODULES = YES;
				CLANG_ENABLE_OBJC_ARC = YES;
				CLANG_ENABLE_OBJC_WEAK = YES;
				CLANG_WARN_BLOCK_CAPTURE_AUTORELEASING = YES;
				CLANG_WARN_BOOL_CONVERSION = YES;
				CLANG_WARN_COMMA = YES;
				CLANG_WARN_CONSTANT_CONVERSION = YES;
				CLANG_WARN_DEPRECATED_OBJC_IMPLEMENTATIONS = YES;
				CLANG_WARN_DIRECT_OBJC_ISA_USAGE = YES_ERROR;
				CLANG_WARN_DOCUMENTATION_COMMENTS = YES;
				CLANG_WARN_EMPTY_BODY = YES;
				CLANG_WARN_ENUM_CONVERSION = YES;
				CLANG_WARN_INFINITE_RECURSION = YES;
				CLANG_WARN_INT_CONVERSION = YES;
				CLANG_WARN_NON_LITERAL_NULL_CONVERSION = YES;
				CLANG_WARN_OBJC_IMPLICIT_RETAIN_SELF = YES;
				CLANG_WARN_OBJC_LITERAL_CONVERSION = YES;
				CLANG_WARN_OBJC_ROOT_CLASS = YES_ERROR;
				CLANG_WARN_QUOTED_INCLUDE_IN_FRAMEWORK_HEADER = YES;
				CLANG_WARN_RANGE_LOOP_ANALYSIS = YES;
				CLANG_WARN_STRICT_PROTOTYPES = YES;
				CLANG_WARN_SUSPICIOUS_MOVE = YES;
				CLANG_WARN_UNGUARDED_AVAILABILITY = YES_AGGRESSIVE;
				CLANG_WARN_UNREACHABLE_CODE = YES;
				CLANG_WARN__DUPLICATE_METHOD_MATCH = YES;
				COPY_PHASE_STRIP = NO;
				DEBUG_INFORMATION_FORMAT = "dwarf-with-dsym";
				ENABLE_NS_ASSERTIONS = NO;
				ENABLE_STRICT_OBJC_MSGSEND = YES;
				GCC_C_LANGUAGE_STANDARD = gnu11;
				GCC_NO_COMMON_BLOCKS = YES;
				GCC_WARN_64_TO_32_BIT_CONVERSION = YES;
				GCC_WARN_ABOUT_RETURN_TYPE = YES_ERROR;
				GCC_WARN_UNDECLARED_SELECTOR = YES;
				GCC_WARN_UNINITIALIZED_AUTOS = YES_AGGRESSIVE;
				GCC_WARN_UNUSED_FUNCTION = YES;
				GCC_WARN_UNUSED_VARIABLE = YES;
				IPHONEOS_DEPLOYMENT_TARGET = 14.4;
				MTL_ENABLE_DEBUG_INFO = NO;
				MTL_FAST_MATH = YES;
				SDKROOT = iphoneos;
				SWIFT_COMPILATION_MODE = wholemodule;
				SWIFT_OPTIMIZATION_LEVEL = "-O";
				VALIDATE_PRODUCT = YES;
			};
			name = Release;
		};
		0E6182C926255F8400359CAB /* Debug */ = {
			isa = XCBuildConfiguration;
			baseConfigurationReference = F65F7AE5A592D98F00ECC51F /* Pods-TextNeck.debug.xcconfig */;
			buildSettings = {
				ASSETCATALOG_COMPILER_APPICON_NAME = AppIcon;
				ASSETCATALOG_COMPILER_GLOBAL_ACCENT_COLOR_NAME = AccentColor;
				CODE_SIGN_STYLE = Automatic;
				DEVELOPMENT_TEAM = JFL3UNXLL6;
				INFOPLIST_FILE = TextNeck/Info.plist;
				IPHONEOS_DEPLOYMENT_TARGET = 13.0;
				LD_RUNPATH_SEARCH_PATHS = (
					"$(inherited)",
					"@executable_path/Frameworks",
				);
				PRODUCT_BUNDLE_IDENTIFIER = com.jinwookhuh.TextNeck;
				PRODUCT_NAME = "$(TARGET_NAME)";
				SWIFT_VERSION = 5.0;
				TARGETED_DEVICE_FAMILY = "1,2";
			};
			name = Debug;
		};
		0E6182CA26255F8400359CAB /* Release */ = {
			isa = XCBuildConfiguration;
			baseConfigurationReference = E671C995B509125A5517548B /* Pods-TextNeck.release.xcconfig */;
			buildSettings = {
				ASSETCATALOG_COMPILER_APPICON_NAME = AppIcon;
				ASSETCATALOG_COMPILER_GLOBAL_ACCENT_COLOR_NAME = AccentColor;
				CODE_SIGN_STYLE = Automatic;
				DEVELOPMENT_TEAM = JFL3UNXLL6;
				INFOPLIST_FILE = TextNeck/Info.plist;
				IPHONEOS_DEPLOYMENT_TARGET = 13.0;
				LD_RUNPATH_SEARCH_PATHS = (
					"$(inherited)",
					"@executable_path/Frameworks",
				);
				PRODUCT_BUNDLE_IDENTIFIER = com.jinwookhuh.TextNeck;
				PRODUCT_NAME = "$(TARGET_NAME)";
				SWIFT_VERSION = 5.0;
				TARGETED_DEVICE_FAMILY = "1,2";
			};
			name = Release;
		};
/* End XCBuildConfiguration section */

/* Begin XCConfigurationList section */
		0E6182AF26255F8200359CAB /* Build configuration list for PBXProject "TextNeck" */ = {
			isa = XCConfigurationList;
			buildConfigurations = (
				0E6182C626255F8400359CAB /* Debug */,
				0E6182C726255F8400359CAB /* Release */,
			);
			defaultConfigurationIsVisible = 0;
			defaultConfigurationName = Release;
		};
		0E6182C826255F8400359CAB /* Build configuration list for PBXNativeTarget "TextNeck" */ = {
			isa = XCConfigurationList;
			buildConfigurations = (
				0E6182C926255F8400359CAB /* Debug */,
				0E6182CA26255F8400359CAB /* Release */,
			);
			defaultConfigurationIsVisible = 0;
			defaultConfigurationName = Release;
		};
/* End XCConfigurationList section */
	};
	rootObject = 0E6182AC26255F8200359CAB /* Project object */;
}
